// !$*UTF8*$!
{
	archiveVersion = 1;
	classes = {
	};
	objectVersion = 50;
	objects = {

/* Begin PBXBuildFile section */
		6BC20B0226E084B100294135 /* AppDelegate.swift in Sources */ = {isa = PBXBuildFile; fileRef = 6BC20B0126E084B100294135 /* AppDelegate.swift */; };
		6BC20B0426E084B100294135 /* SceneDelegate.swift in Sources */ = {isa = PBXBuildFile; fileRef = 6BC20B0326E084B100294135 /* SceneDelegate.swift */; };
		6BC20B0626E084B100294135 /* ViewController.swift in Sources */ = {isa = PBXBuildFile; fileRef = 6BC20B0526E084B100294135 /* ViewController.swift */; };
		6BC20B0926E084B100294135 /* Main.storyboard in Resources */ = {isa = PBXBuildFile; fileRef = 6BC20B0726E084B100294135 /* Main.storyboard */; };
		6BC20B0B26E084B300294135 /* Assets.xcassets in Resources */ = {isa = PBXBuildFile; fileRef = 6BC20B0A26E084B300294135 /* Assets.xcassets */; };
		6BC20B0E26E084B300294135 /* LaunchScreen.storyboard in Resources */ = {isa = PBXBuildFile; fileRef = 6BC20B0C26E084B300294135 /* LaunchScreen.storyboard */; };
		6BC20B1926E084B300294135 /* PreworkTests.swift in Sources */ = {isa = PBXBuildFile; fileRef = 6BC20B1826E084B300294135 /* PreworkTests.swift */; };
		6BC20B2426E084B300294135 /* PreworkUITests.swift in Sources */ = {isa = PBXBuildFile; fileRef = 6BC20B2326E084B300294135 /* PreworkUITests.swift */; };
/* End PBXBuildFile section */

/* Begin PBXContainerItemProxy section */
		6BC20B1526E084B300294135 /* PBXContainerItemProxy */ = {
			isa = PBXContainerItemProxy;
			containerPortal = 6BC20AF626E084B100294135 /* Project object */;
			proxyType = 1;
			remoteGlobalIDString = 6BC20AFD26E084B100294135;
			remoteInfo = Prework;
		};
		6BC20B2026E084B300294135 /* PBXContainerItemProxy */ = {
			isa = PBXContainerItemProxy;
			containerPortal = 6BC20AF626E084B100294135 /* Project object */;
			proxyType = 1;
			remoteGlobalIDString = 6BC20AFD26E084B100294135;
			remoteInfo = Prework;
		};
/* End PBXContainerItemProxy section */

/* Begin PBXFileReference section */
		6BC20AFE26E084B100294135 /* Prework.app */ = {isa = PBXFileReference; explicitFileType = wrapper.application; includeInIndex = 0; path = Prework.app; sourceTree = BUILT_PRODUCTS_DIR; };
		6BC20B0126E084B100294135 /* AppDelegate.swift */ = {isa = PBXFileReference; lastKnownFileType = sourcecode.swift; path = AppDelegate.swift; sourceTree = "<group>"; };
		6BC20B0326E084B100294135 /* SceneDelegate.swift */ = {isa = PBXFileReference; lastKnownFileType = sourcecode.swift; path = SceneDelegate.swift; sourceTree = "<group>"; };
		6BC20B0526E084B100294135 /* ViewController.swift */ = {isa = PBXFileReference; lastKnownFileType = sourcecode.swift; path = ViewController.swift; sourceTree = "<group>"; };
		6BC20B0826E084B100294135 /* Base */ = {isa = PBXFileReference; lastKnownFileType = file.storyboard; name = Base; path = Base.lproj/Main.storyboard; sourceTree = "<group>"; };
		6BC20B0A26E084B300294135 /* Assets.xcassets */ = {isa = PBXFileReference; lastKnownFileType = folder.assetcatalog; path = Assets.xcassets; sourceTree = "<group>"; };
		6BC20B0D26E084B300294135 /* Base */ = {isa = PBXFileReference; lastKnownFileType = file.storyboard; name = Base; path = Base.lproj/LaunchScreen.storyboard; sourceTree = "<group>"; };
		6BC20B0F26E084B300294135 /* Info.plist */ = {isa = PBXFileReference; lastKnownFileType = text.plist.xml; path = Info.plist; sourceTree = "<group>"; };
		6BC20B1426E084B300294135 /* PreworkTests.xctest */ = {isa = PBXFileReference; explicitFileType = wrapper.cfbundle; includeInIndex = 0; path = PreworkTests.xctest; sourceTree = BUILT_PRODUCTS_DIR; };
		6BC20B1826E084B300294135 /* PreworkTests.swift */ = {isa = PBXFileReference; lastKnownFileType = sourcecode.swift; path = PreworkTests.swift; sourceTree = "<group>"; };
		6BC20B1A26E084B300294135 /* Info.plist */ = {isa = PBXFileReference; lastKnownFileType = text.plist.xml; path = Info.plist; sourceTree = "<group>"; };
		6BC20B1F26E084B300294135 /* PreworkUITests.xctest */ = {isa = PBXFileReference; explicitFileType = wrapper.cfbundle; includeInIndex = 0; path = PreworkUITests.xctest; sourceTree = BUILT_PRODUCTS_DIR; };
		6BC20B2326E084B300294135 /* PreworkUITests.swift */ = {isa = PBXFileReference; lastKnownFileType = sourcecode.swift; path = PreworkUITests.swift; sourceTree = "<group>"; };
		6BC20B2526E084B300294135 /* Info.plist */ = {isa = PBXFileReference; lastKnownFileType = text.plist.xml; path = Info.plist; sourceTree = "<group>"; };
/* End PBXFileReference section */

/* Begin PBXFrameworksBuildPhase section */
		6BC20AFB26E084B100294135 /* Frameworks */ = {
			isa = PBXFrameworksBuildPhase;
			buildActionMask = 2147483647;
			files = (
			);
			runOnlyForDeploymentPostprocessing = 0;
		};
		6BC20B1126E084B300294135 /* Frameworks */ = {
			isa = PBXFrameworksBuildPhase;
			buildActionMask = 2147483647;
			files = (
			);
			runOnlyForDeploymentPostprocessing = 0;
		};
		6BC20B1C26E084B300294135 /* Frameworks */ = {
			isa = PBXFrameworksBuildPhase;
			buildActionMask = 2147483647;
			files = (
			);
			runOnlyForDeploymentPostprocessing = 0;
		};
/* End PBXFrameworksBuildPhase section */

/* Begin PBXGroup section */
		6BC20AF526E084B100294135 = {
			isa = PBXGroup;
			children = (
				6BC20B0026E084B100294135 /* Prework */,
				6BC20B1726E084B300294135 /* PreworkTests */,
				6BC20B2226E084B300294135 /* PreworkUITests */,
				6BC20AFF26E084B100294135 /* Products */,
			);
			sourceTree = "<group>";
		};
		6BC20AFF26E084B100294135 /* Products */ = {
			isa = PBXGroup;
			children = (
				6BC20AFE26E084B100294135 /* Prework.app */,
				6BC20B1426E084B300294135 /* PreworkTests.xctest */,
				6BC20B1F26E084B300294135 /* PreworkUITests.xctest */,
			);
			name = Products;
			sourceTree = "<group>";
		};
		6BC20B0026E084B100294135 /* Prework */ = {
			isa = PBXGroup;
			children = (
				6BC20B0126E084B100294135 /* AppDelegate.swift */,
				6BC20B0326E084B100294135 /* SceneDelegate.swift */,
				6BC20B0526E084B100294135 /* ViewController.swift */,
				6BC20B0726E084B100294135 /* Main.storyboard */,
				6BC20B0A26E084B300294135 /* Assets.xcassets */,
				6BC20B0C26E084B300294135 /* LaunchScreen.storyboard */,
				6BC20B0F26E084B300294135 /* Info.plist */,
			);
			path = Prework;
			sourceTree = "<group>";
		};
		6BC20B1726E084B300294135 /* PreworkTests */ = {
			isa = PBXGroup;
			children = (
				6BC20B1826E084B300294135 /* PreworkTests.swift */,
				6BC20B1A26E084B300294135 /* Info.plist */,
			);
			path = PreworkTests;
			sourceTree = "<group>";
		};
		6BC20B2226E084B300294135 /* PreworkUITests */ = {
			isa = PBXGroup;
			children = (
				6BC20B2326E084B300294135 /* PreworkUITests.swift */,
				6BC20B2526E084B300294135 /* Info.plist */,
			);
			path = PreworkUITests;
			sourceTree = "<group>";
		};
/* End PBXGroup section */

/* Begin PBXNativeTarget section */
		6BC20AFD26E084B100294135 /* Prework */ = {
			isa = PBXNativeTarget;
			buildConfigurationList = 6BC20B2826E084B300294135 /* Build configuration list for PBXNativeTarget "Prework" */;
			buildPhases = (
				6BC20AFA26E084B100294135 /* Sources */,
				6BC20AFB26E084B100294135 /* Frameworks */,
				6BC20AFC26E084B100294135 /* Resources */,
			);
			buildRules = (
			);
			dependencies = (
			);
			name = Prework;
			productName = Prework;
			productReference = 6BC20AFE26E084B100294135 /* Prework.app */;
			productType = "com.apple.product-type.application";
		};
		6BC20B1326E084B300294135 /* PreworkTests */ = {
			isa = PBXNativeTarget;
			buildConfigurationList = 6BC20B2B26E084B300294135 /* Build configuration list for PBXNativeTarget "PreworkTests" */;
			buildPhases = (
				6BC20B1026E084B300294135 /* Sources */,
				6BC20B1126E084B300294135 /* Frameworks */,
				6BC20B1226E084B300294135 /* Resources */,
			);
			buildRules = (
			);
			dependencies = (
				6BC20B1626E084B300294135 /* PBXTargetDependency */,
			);
			name = PreworkTests;
			productName = PreworkTests;
			productReference = 6BC20B1426E084B300294135 /* PreworkTests.xctest */;
			productType = "com.apple.product-type.bundle.unit-test";
		};
		6BC20B1E26E084B300294135 /* PreworkUITests */ = {
			isa = PBXNativeTarget;
			buildConfigurationList = 6BC20B2E26E084B300294135 /* Build configuration list for PBXNativeTarget "PreworkUITests" */;
			buildPhases = (
				6BC20B1B26E084B300294135 /* Sources */,
				6BC20B1C26E084B300294135 /* Frameworks */,
				6BC20B1D26E084B300294135 /* Resources */,
			);
			buildRules = (
			);
			dependencies = (
				6BC20B2126E084B300294135 /* PBXTargetDependency */,
			);
			name = PreworkUITests;
			productName = PreworkUITests;
			productReference = 6BC20B1F26E084B300294135 /* PreworkUITests.xctest */;
			productType = "com.apple.product-type.bundle.ui-testing";
		};
/* End PBXNativeTarget section */

/* Begin PBXProject section */
		6BC20AF626E084B100294135 /* Project object */ = {
			isa = PBXProject;
			attributes = {
				LastSwiftUpdateCheck = 1250;
				LastUpgradeCheck = 1250;
				TargetAttributes = {
					6BC20AFD26E084B100294135 = {
						CreatedOnToolsVersion = 12.5.1;
					};
					6BC20B1326E084B300294135 = {
						CreatedOnToolsVersion = 12.5.1;
						TestTargetID = 6BC20AFD26E084B100294135;
					};
					6BC20B1E26E084B300294135 = {
						CreatedOnToolsVersion = 12.5.1;
						TestTargetID = 6BC20AFD26E084B100294135;
					};
				};
			};
			buildConfigurationList = 6BC20AF926E084B100294135 /* Build configuration list for PBXProject "Prework" */;
			compatibilityVersion = "Xcode 9.3";
			developmentRegion = en;
			hasScannedForEncodings = 0;
			knownRegions = (
				en,
				Base,
			);
			mainGroup = 6BC20AF526E084B100294135;
			productRefGroup = 6BC20AFF26E084B100294135 /* Products */;
			projectDirPath = "";
			projectRoot = "";
			targets = (
				6BC20AFD26E084B100294135 /* Prework */,
				6BC20B1326E084B300294135 /* PreworkTests */,
				6BC20B1E26E084B300294135 /* PreworkUITests */,
			);
		};
/* End PBXProject section */

/* Begin PBXResourcesBuildPhase section */
		6BC20AFC26E084B100294135 /* Resources */ = {
			isa = PBXResourcesBuildPhase;
			buildActionMask = 2147483647;
			files = (
				6BC20B0E26E084B300294135 /* LaunchScreen.storyboard in Resources */,
				6BC20B0B26E084B300294135 /* Assets.xcassets in Resources */,
				6BC20B0926E084B100294135 /* Main.storyboard in Resources */,
			);
			runOnlyForDeploymentPostprocessing = 0;
		};
		6BC20B1226E084B300294135 /* Resources */ = {
			isa = PBXResourcesBuildPhase;
			buildActionMask = 2147483647;
			files = (
			);
			runOnlyForDeploymentPostprocessing = 0;
		};
		6BC20B1D26E084B300294135 /* Resources */ = {
			isa = PBXResourcesBuildPhase;
			buildActionMask = 2147483647;
			files = (
			);
			runOnlyForDeploymentPostprocessing = 0;
		};
/* End PBXResourcesBuildPhase section */

/* Begin PBXSourcesBuildPhase section */
		6BC20AFA26E084B100294135 /* Sources */ = {
			isa = PBXSourcesBuildPhase;
			buildActionMask = 2147483647;
			files = (
				6BC20B0626E084B100294135 /* ViewController.swift in Sources */,
				6BC20B0226E084B100294135 /* AppDelegate.swift in Sources */,
				6BC20B0426E084B100294135 /* SceneDelegate.swift in Sources */,
			);
			runOnlyForDeploymentPostprocessing = 0;
		};
		6BC20B1026E084B300294135 /* Sources */ = {
			isa = PBXSourcesBuildPhase;
			buildActionMask = 2147483647;
			files = (
				6BC20B1926E084B300294135 /* PreworkTests.swift in Sources */,
			);
			runOnlyForDeploymentPostprocessing = 0;
		};
		6BC20B1B26E084B300294135 /* Sources */ = {
			isa = PBXSourcesBuildPhase;
			buildActionMask = 2147483647;
			files = (
				6BC20B2426E084B300294135 /* PreworkUITests.swift in Sources */,
			);
			runOnlyForDeploymentPostprocessing = 0;
		};
/* End PBXSourcesBuildPhase section */

/* Begin PBXTargetDependency section */
		6BC20B1626E084B300294135 /* PBXTargetDependency */ = {
			isa = PBXTargetDependency;
			target = 6BC20AFD26E084B100294135 /* Prework */;
			targetProxy = 6BC20B1526E084B300294135 /* PBXContainerItemProxy */;
		};
		6BC20B2126E084B300294135 /* PBXTargetDependency */ = {
			isa = PBXTargetDependency;
			target = 6BC20AFD26E084B100294135 /* Prework */;
			targetProxy = 6BC20B2026E084B300294135 /* PBXContainerItemProxy */;
		};
/* End PBXTargetDependency section */

/* Begin PBXVariantGroup section */
		6BC20B0726E084B100294135 /* Main.storyboard */ = {
			isa = PBXVariantGroup;
			children = (
				6BC20B0826E084B100294135 /* Base */,
			);
			name = Main.storyboard;
			sourceTree = "<group>";
		};
		6BC20B0C26E084B300294135 /* LaunchScreen.storyboard */ = {
			isa = PBXVariantGroup;
			children = (
				6BC20B0D26E084B300294135 /* Base */,
			);
			name = LaunchScreen.storyboard;
			sourceTree = "<group>";
		};
/* End PBXVariantGroup section */

/* Begin XCBuildConfiguration section */
		6BC20B2626E084B300294135 /* Debug */ = {
			isa = XCBuildConfiguration;
			buildSettings = {
				ALWAYS_SEARCH_USER_PATHS = NO;
				CLANG_ANALYZER_NONNULL = YES;
				CLANG_ANALYZER_NUMBER_OBJECT_CONVERSION = YES_AGGRESSIVE;
				CLANG_CXX_LANGUAGE_STANDARD = "gnu++14";
				CLANG_CXX_LIBRARY = "libc++";
				CLANG_ENABLE_MODULES = YES;
				CLANG_ENABLE_OBJC_ARC = YES;
				CLANG_ENABLE_OBJC_WEAK = YES;
				CLANG_WARN_BLOCK_CAPTURE_AUTORELEASING = YES;
				CLANG_WARN_BOOL_CONVERSION = YES;
				CLANG_WARN_COMMA = YES;
				CLANG_WARN_CONSTANT_CONVERSION = YES;
				CLANG_WARN_DEPRECATED_OBJC_IMPLEMENTATIONS = YES;
				CLANG_WARN_DIRECT_OBJC_ISA_USAGE = YES_ERROR;
				CLANG_WARN_DOCUMENTATION_COMMENTS = YES;
				CLANG_WARN_EMPTY_BODY = YES;
				CLANG_WARN_ENUM_CONVERSION = YES;
				CLANG_WARN_INFINITE_RECURSION = YES;
				CLANG_WARN_INT_CONVERSION = YES;
				CLANG_WARN_NON_LITERAL_NULL_CONVERSION = YES;
				CLANG_WARN_OBJC_IMPLICIT_RETAIN_SELF = YES;
				CLANG_WARN_OBJC_LITERAL_CONVERSION = YES;
				CLANG_WARN_OBJC_ROOT_CLASS = YES_ERROR;
				CLANG_WARN_QUOTED_INCLUDE_IN_FRAMEWORK_HEADER = YES;
				CLANG_WARN_RANGE_LOOP_ANALYSIS = YES;
				CLANG_WARN_STRICT_PROTOTYPES = YES;
				CLANG_WARN_SUSPICIOUS_MOVE = YES;
				CLANG_WARN_UNGUARDED_AVAILABILITY = YES_AGGRESSIVE;
				CLANG_WARN_UNREACHABLE_CODE = YES;
				CLANG_WARN__DUPLICATE_METHOD_MATCH = YES;
				COPY_PHASE_STRIP = NO;
				DEBUG_INFORMATION_FORMAT = dwarf;
				ENABLE_STRICT_OBJC_MSGSEND = YES;
				ENABLE_TESTABILITY = YES;
				GCC_C_LANGUAGE_STANDARD = gnu11;
				GCC_DYNAMIC_NO_PIC = NO;
				GCC_NO_COMMON_BLOCKS = YES;
				GCC_OPTIMIZATION_LEVEL = 0;
				GCC_PREPROCESSOR_DEFINITIONS = (
					"DEBUG=1",
					"$(inherited)",
				);
				GCC_WARN_64_TO_32_BIT_CONVERSION = YES;
				GCC_WARN_ABOUT_RETURN_TYPE = YES_ERROR;
				GCC_WARN_UNDECLARED_SELECTOR = YES;
				GCC_WARN_UNINITIALIZED_AUTOS = YES_AGGRESSIVE;
				GCC_WARN_UNUSED_FUNCTION = YES;
				GCC_WARN_UNUSED_VARIABLE = YES;
				IPHONEOS_DEPLOYMENT_TARGET = 14.5;
				MTL_ENABLE_DEBUG_INFO = INCLUDE_SOURCE;
				MTL_FAST_MATH = YES;
				ONLY_ACTIVE_ARCH = YES;
				SDKROOT = iphoneos;
				SWIFT_ACTIVE_COMPILATION_CONDITIONS = DEBUG;
				SWIFT_OPTIMIZATION_LEVEL = "-Onone";
			};
			name = Debug;
		};
		6BC20B2726E084B300294135 /* Release */ = {
			isa = XCBuildConfiguration;
			buildSettings = {
				ALWAYS_SEARCH_USER_PATHS = NO;
				CLANG_ANALYZER_NONNULL = YES;
				CLANG_ANALYZER_NUMBER_OBJECT_CONVERSION = YES_AGGRESSIVE;
				CLANG_CXX_LANGUAGE_STANDARD = "gnu++14";
				CLANG_CXX_LIBRARY = "libc++";
				CLANG_ENABLE_MODULES = YES;
				CLANG_ENABLE_OBJC_ARC = YES;
				CLANG_ENABLE_OBJC_WEAK = YES;
				CLANG_WARN_BLOCK_CAPTURE_AUTORELEASING = YES;
				CLANG_WARN_BOOL_CONVERSION = YES;
				CLANG_WARN_COMMA = YES;
				CLANG_WARN_CONSTANT_CONVERSION = YES;
				CLANG_WARN_DEPRECATED_OBJC_IMPLEMENTATIONS = YES;
				CLANG_WARN_DIRECT_OBJC_ISA_USAGE = YES_ERROR;
				CLANG_WARN_DOCUMENTATION_COMMENTS = YES;
				CLANG_WARN_EMPTY_BODY = YES;
				CLANG_WARN_ENUM_CONVERSION = YES;
				CLANG_WARN_INFINITE_RECURSION = YES;
				CLANG_WARN_INT_CONVERSION = YES;
				CLANG_WARN_NON_LITERAL_NULL_CONVERSION = YES;
				CLANG_WARN_OBJC_IMPLICIT_RETAIN_SELF = YES;
				CLANG_WARN_OBJC_LITERAL_CONVERSION = YES;
				CLANG_WARN_OBJC_ROOT_CLASS = YES_ERROR;
				CLANG_WARN_QUOTED_INCLUDE_IN_FRAMEWORK_HEADER = YES;
				CLANG_WARN_RANGE_LOOP_ANALYSIS = YES;
				CLANG_WARN_STRICT_PROTOTYPES = YES;
				CLANG_WARN_SUSPICIOUS_MOVE = YES;
				CLANG_WARN_UNGUARDED_AVAILABILITY = YES_AGGRESSIVE;
				CLANG_WARN_UNREACHABLE_CODE = YES;
				CLANG_WARN__DUPLICATE_METHOD_MATCH = YES;
				COPY_PHASE_STRIP = NO;
				DEBUG_INFORMATION_FORMAT = "dwarf-with-dsym";
				ENABLE_NS_ASSERTIONS = NO;
				ENABLE_STRICT_OBJC_MSGSEND = YES;
				GCC_C_LANGUAGE_STANDARD = gnu11;
				GCC_NO_COMMON_BLOCKS = YES;
				GCC_WARN_64_TO_32_BIT_CONVERSION = YES;
				GCC_WARN_ABOUT_RETURN_TYPE = YES_ERROR;
				GCC_WARN_UNDECLARED_SELECTOR = YES;
				GCC_WARN_UNINITIALIZED_AUTOS = YES_AGGRESSIVE;
				GCC_WARN_UNUSED_FUNCTION = YES;
				GCC_WARN_UNUSED_VARIABLE = YES;
				IPHONEOS_DEPLOYMENT_TARGET = 14.5;
				MTL_ENABLE_DEBUG_INFO = NO;
				MTL_FAST_MATH = YES;
				SDKROOT = iphoneos;
				SWIFT_COMPILATION_MODE = wholemodule;
				SWIFT_OPTIMIZATION_LEVEL = "-O";
				VALIDATE_PRODUCT = YES;
			};
			name = Release;
		};
		6BC20B2926E084B300294135 /* Debug */ = {
			isa = XCBuildConfiguration;
			buildSettings = {
				ASSETCATALOG_COMPILER_APPICON_NAME = AppIcon;
				ASSETCATALOG_COMPILER_GLOBAL_ACCENT_COLOR_NAME = AccentColor;
				CODE_SIGN_STYLE = Automatic;
				INFOPLIST_FILE = Prework/Info.plist;
				LD_RUNPATH_SEARCH_PATHS = (
					"$(inherited)",
					"@executable_path/Frameworks",
				);
				PRODUCT_BUNDLE_IDENTIFIER = leeyuchong.Prework;
				PRODUCT_NAME = "$(TARGET_NAME)";
				SWIFT_VERSION = 5.0;
				TARGETED_DEVICE_FAMILY = "1,2";
			};
			name = Debug;
		};
		6BC20B2A26E084B300294135 /* Release */ = {
			isa = XCBuildConfiguration;
			buildSettings = {
				ASSETCATALOG_COMPILER_APPICON_NAME = AppIcon;
				ASSETCATALOG_COMPILER_GLOBAL_ACCENT_COLOR_NAME = AccentColor;
				CODE_SIGN_STYLE = Automatic;
				INFOPLIST_FILE = Prework/Info.plist;
				LD_RUNPATH_SEARCH_PATHS = (
					"$(inherited)",
					"@executable_path/Frameworks",
				);
				PRODUCT_BUNDLE_IDENTIFIER = leeyuchong.Prework;
				PRODUCT_NAME = "$(TARGET_NAME)";
				SWIFT_VERSION = 5.0;
				TARGETED_DEVICE_FAMILY = "1,2";
			};
			name = Release;
		};
		6BC20B2C26E084B300294135 /* Debug */ = {
			isa = XCBuildConfiguration;
			buildSettings = {
				ALWAYS_EMBED_SWIFT_STANDARD_LIBRARIES = YES;
				BUNDLE_LOADER = "$(TEST_HOST)";
				CODE_SIGN_STYLE = Automatic;
				INFOPLIST_FILE = PreworkTests/Info.plist;
				IPHONEOS_DEPLOYMENT_TARGET = 14.5;
				LD_RUNPATH_SEARCH_PATHS = (
					"$(inherited)",
					"@executable_path/Frameworks",
					"@loader_path/Frameworks",
				);
				PRODUCT_BUNDLE_IDENTIFIER = leeyuchong.PreworkTests;
				PRODUCT_NAME = "$(TARGET_NAME)";
				SWIFT_VERSION = 5.0;
				TARGETED_DEVICE_FAMILY = "1,2";
				TEST_HOST = "$(BUILT_PRODUCTS_DIR)/Prework.app/Prework";
			};
			name = Debug;
		};
		6BC20B2D26E084B300294135 /* Release */ = {
			isa = XCBuildConfiguration;
			buildSettings = {
				ALWAYS_EMBED_SWIFT_STANDARD_LIBRARIES = YES;
				BUNDLE_LOADER = "$(TEST_HOST)";
				CODE_SIGN_STYLE = Automatic;
				INFOPLIST_FILE = PreworkTests/Info.plist;
				IPHONEOS_DEPLOYMENT_TARGET = 14.5;
				LD_RUNPATH_SEARCH_PATHS = (
					"$(inherited)",
					"@executable_path/Frameworks",
					"@loader_path/Frameworks",
				);
				PRODUCT_BUNDLE_IDENTIFIER = leeyuchong.PreworkTests;
				PRODUCT_NAME = "$(TARGET_NAME)";
				SWIFT_VERSION = 5.0;
				TARGETED_DEVICE_FAMILY = "1,2";
				TEST_HOST = "$(BUILT_PRODUCTS_DIR)/Prework.app/Prework";
			};
			name = Release;
		};
		6BC20B2F26E084B300294135 /* Debug */ = {
			isa = XCBuildConfiguration;
			buildSettings = {
				ALWAYS_EMBED_SWIFT_STANDARD_LIBRARIES = YES;
				CODE_SIGN_STYLE = Automatic;
				INFOPLIST_FILE = PreworkUITests/Info.plist;
				LD_RUNPATH_SEARCH_PATHS = (
					"$(inherited)",
					"@executable_path/Frameworks",
					"@loader_path/Frameworks",
				);
				PRODUCT_BUNDLE_IDENTIFIER = leeyuchong.PreworkUITests;
				PRODUCT_NAME = "$(TARGET_NAME)";
				SWIFT_VERSION = 5.0;
				TARGETED_DEVICE_FAMILY = "1,2";
				TEST_TARGET_NAME = Prework;
			};
			name = Debug;
		};
		6BC20B3026E084B300294135 /* Release */ = {
			isa = XCBuildConfiguration;
			buildSettings = {
				ALWAYS_EMBED_SWIFT_STANDARD_LIBRARIES = YES;
				CODE_SIGN_STYLE = Automatic;
				INFOPLIST_FILE = PreworkUITests/Info.plist;
				LD_RUNPATH_SEARCH_PATHS = (
					"$(inherited)",
					"@executable_path/Frameworks",
					"@loader_path/Frameworks",
				);
				PRODUCT_BUNDLE_IDENTIFIER = leeyuchong.PreworkUITests;
				PRODUCT_NAME = "$(TARGET_NAME)";
				SWIFT_VERSION = 5.0;
				TARGETED_DEVICE_FAMILY = "1,2";
				TEST_TARGET_NAME = Prework;
			};
			name = Release;
		};
/* End XCBuildConfiguration section */

/* Begin XCConfigurationList section */
		6BC20AF926E084B100294135 /* Build configuration list for PBXProject "Prework" */ = {
			isa = XCConfigurationList;
			buildConfigurations = (
				6BC20B2626E084B300294135 /* Debug */,
				6BC20B2726E084B300294135 /* Release */,
			);
			defaultConfigurationIsVisible = 0;
			defaultConfigurationName = Release;
		};
		6BC20B2826E084B300294135 /* Build configuration list for PBXNativeTarget "Prework" */ = {
			isa = XCConfigurationList;
			buildConfigurations = (
				6BC20B2926E084B300294135 /* Debug */,
				6BC20B2A26E084B300294135 /* Release */,
			);
			defaultConfigurationIsVisible = 0;
			defaultConfigurationName = Release;
		};
		6BC20B2B26E084B300294135 /* Build configuration list for PBXNativeTarget "PreworkTests" */ = {
			isa = XCConfigurationList;
			buildConfigurations = (
				6BC20B2C26E084B300294135 /* Debug */,
				6BC20B2D26E084B300294135 /* Release */,
			);
			defaultConfigurationIsVisible = 0;
			defaultConfigurationName = Release;
		};
		6BC20B2E26E084B300294135 /* Build configuration list for PBXNativeTarget "PreworkUITests" */ = {
			isa = XCConfigurationList;
			buildConfigurations = (
				6BC20B2F26E084B300294135 /* Debug */,
				6BC20B3026E084B300294135 /* Release */,
			);
			defaultConfigurationIsVisible = 0;
			defaultConfigurationName = Release;
		};
/* End XCConfigurationList section */
	};
	rootObject = 6BC20AF626E084B100294135 /* Project object */;
}
